hash: 00f164431318eb89a7a250dbd063e1acfeed4ce7b4f12619024f51ff6cc721d9
updated: 2017-09-04T08:27:45.547183232+02:00
imports:
- name: github.com/efigence/go-haproxy
  version: 01f86de701ece628b985d7fa5330e081f08e18be
- name: github.com/op/go-logging
  version: 970db520ece77730c7e4724c61121037378659d9
- name: github.com/urfave/cli
  version: f017f86fccc5a039a98f23311f34fdf78b014f78
- name: github.com/XANi/go-fsm
  version: aa63ec1f7511ab5aa0ec690f3c0c3e8285fdf8ce
testImports:
- name: github.com/gopherjs/gopherjs
  version: f7c56533adfac99e12ccdccfec04a466d2a778da
  subpackages:
  - js
- name: github.com/jtolds/gls
  version: 77f18212c9c7edc9bd6a33d383a7b545ce62f064
- name: github.com/smartystreets/assertions
  version: 9c0ea8acbc1d8ad689f9e6fe0c1fa5838e0cabc2
  subpackages:
  - internal/go-render/render
  - internal/oglematchers
- name: github.com/smartystreets/goconvey
  version: e5b2b7c9111590d019a696c7800593f666e1a7f4
  subpackages:
  - convey
  - convey/reporting
  - convey/gotest
