hash: 85fa41d9a6259cb5ea68a1f8cab7683df7eb50720cf88aa763328cacfe1d3d64
updated: 2017-09-01T17:08:39.98137868+02:00
imports:
- name: github.com/op/go-logging
  version: 970db520ece77730c7e4724c61121037378659d9
- name: github.com/urfave/cli
  version: f017f86fccc5a039a98f23311f34fdf78b014f78
testImports: []
